// !$*UTF8*$!
{
	archiveVersion = 1;
	classes = {
	};
	objectVersion = 77;
	objects = {

/* Begin PBXBuildFile section */
		FA2368962F16A964005A9B18 /* View+Extensions.swift in Sources */ = {isa = PBXBuildFile; fileRef = FA2368952F16A95D005A9B18 /* View+Extensions.swift */; };
		FAF490BF2F1227F700F85A48 /* Assets.xcassets in Resources */ = {isa = PBXBuildFile; fileRef = FAF490BB2F1227F700F85A48 /* Assets.xcassets */; };
		FAF490C02F1227F700F85A48 /* ContentView.swift in Sources */ = {isa = PBXBuildFile; fileRef = FAF490BC2F1227F700F85A48 /* ContentView.swift */; };
		FAF490C12F1227F700F85A48 /* photosAnimationApp.swift in Sources */ = {isa = PBXBuildFile; fileRef = FAF490BD2F1227F700F85A48 /* photosAnimationApp.swift */; };
		FAF490C52F12282100F85A48 /* Item.swift in Sources */ = {isa = PBXBuildFile; fileRef = FAF490C42F12282100F85A48 /* Item.swift */; };
		FAF490C72F1230EE00F85A48 /* UICoordinator.swift in Sources */ = {isa = PBXBuildFile; fileRef = FAF490C62F1230EE00F85A48 /* UICoordinator.swift */; };
		FAF490C92F1231F300F85A48 /* Home.swift in Sources */ = {isa = PBXBuildFile; fileRef = FAF490C82F1231F300F85A48 /* Home.swift */; };
		FAF490CB2F12395500F85A48 /* Detail.swift in Sources */ = {isa = PBXBuildFile; fileRef = FAF490CA2F12394F00F85A48 /* Detail.swift */; };
		FAF490CD2F123C6400F85A48 /* HeroLayer.swift in Sources */ = {isa = PBXBuildFile; fileRef = FAF490CC2F123C6400F85A48 /* HeroLayer.swift */; };
		FAF490CF2F123C9D00F85A48 /* HeroKey.swift in Sources */ = {isa = PBXBuildFile; fileRef = FAF490CE2F123C9700F85A48 /* HeroKey.swift */; };
/* End PBXBuildFile section */

/* Begin PBXFileReference section */
		FA2368952F16A95D005A9B18 /* View+Extensions.swift */ = {isa = PBXFileReference; lastKnownFileType = sourcecode.swift; path = "View+Extensions.swift"; sourceTree = "<group>"; };
		FAF490AD2F12279000F85A48 /* photosAnimation.app */ = {isa = PBXFileReference; explicitFileType = wrapper.application; includeInIndex = 0; path = photosAnimation.app; sourceTree = BUILT_PRODUCTS_DIR; };
		FAF490BB2F1227F700F85A48 /* Assets.xcassets */ = {isa = PBXFileReference; lastKnownFileType = folder.assetcatalog; path = Assets.xcassets; sourceTree = "<group>"; };
		FAF490BC2F1227F700F85A48 /* ContentView.swift */ = {isa = PBXFileReference; lastKnownFileType = sourcecode.swift; path = ContentView.swift; sourceTree = "<group>"; };
		FAF490BD2F1227F700F85A48 /* photosAnimationApp.swift */ = {isa = PBXFileReference; lastKnownFileType = sourcecode.swift; path = photosAnimationApp.swift; sourceTree = "<group>"; };
		FAF490C42F12282100F85A48 /* Item.swift */ = {isa = PBXFileReference; lastKnownFileType = sourcecode.swift; path = Item.swift; sourceTree = "<group>"; };
		FAF490C62F1230EE00F85A48 /* UICoordinator.swift */ = {isa = PBXFileReference; lastKnownFileType = sourcecode.swift; path = UICoordinator.swift; sourceTree = "<group>"; };
		FAF490C82F1231F300F85A48 /* Home.swift */ = {isa = PBXFileReference; lastKnownFileType = sourcecode.swift; path = Home.swift; sourceTree = "<group>"; };
		FAF490CA2F12394F00F85A48 /* Detail.swift */ = {isa = PBXFileReference; lastKnownFileType = sourcecode.swift; path = Detail.swift; sourceTree = "<group>"; };
		FAF490CC2F123C6400F85A48 /* HeroLayer.swift */ = {isa = PBXFileReference; lastKnownFileType = sourcecode.swift; path = HeroLayer.swift; sourceTree = "<group>"; };
		FAF490CE2F123C9700F85A48 /* HeroKey.swift */ = {isa = PBXFileReference; lastKnownFileType = sourcecode.swift; path = HeroKey.swift; sourceTree = "<group>"; };
/* End PBXFileReference section */

/* Begin PBXFrameworksBuildPhase section */
		FAF490AA2F12279000F85A48 /* Frameworks */ = {
			isa = PBXFrameworksBuildPhase;
			buildActionMask = 2147483647;
			files = (
			);
			runOnlyForDeploymentPostprocessing = 0;
		};
/* End PBXFrameworksBuildPhase section */

/* Begin PBXGroup section */
		FA2368942F16A952005A9B18 /* Helper */ = {
			isa = PBXGroup;
			children = (
				FA2368952F16A95D005A9B18 /* View+Extensions.swift */,
			);
			path = Helper;
			sourceTree = "<group>";
		};
		FAF490A42F12279000F85A48 = {
			isa = PBXGroup;
			children = (
				FAF490BE2F1227F700F85A48 /* photosAnimation */,
				FAF490AE2F12279000F85A48 /* Products */,
			);
			sourceTree = "<group>";
		};
		FAF490AE2F12279000F85A48 /* Products */ = {
			isa = PBXGroup;
			children = (
				FAF490AD2F12279000F85A48 /* photosAnimation.app */,
			);
			name = Products;
			sourceTree = "<group>";
		};
		FAF490BE2F1227F700F85A48 /* photosAnimation */ = {
			isa = PBXGroup;
			children = (
				FAF490C32F12281400F85A48 /* Model */,
				FAF490C22F12280400F85A48 /* View */,
				FAF490BB2F1227F700F85A48 /* Assets.xcassets */,
				FAF490BC2F1227F700F85A48 /* ContentView.swift */,
				FAF490BD2F1227F700F85A48 /* photosAnimationApp.swift */,
			);
			path = photosAnimation;
			sourceTree = "<group>";
		};
		FAF490C22F12280400F85A48 /* View */ = {
			isa = PBXGroup;
			children = (
				FA2368942F16A952005A9B18 /* Helper */,
				FAF490CA2F12394F00F85A48 /* Detail.swift */,
				FAF490C82F1231F300F85A48 /* Home.swift */,
				FAF490CC2F123C6400F85A48 /* HeroLayer.swift */,
			);
			path = View;
			sourceTree = "<group>";
		};
		FAF490C32F12281400F85A48 /* Model */ = {
			isa = PBXGroup;
			children = (
				FAF490CE2F123C9700F85A48 /* HeroKey.swift */,
				FAF490C42F12282100F85A48 /* Item.swift */,
				FAF490C62F1230EE00F85A48 /* UICoordinator.swift */,
			);
			path = Model;
			sourceTree = "<group>";
		};
/* End PBXGroup section */

/* Begin PBXNativeTarget section */
		FAF490AC2F12279000F85A48 /* photosAnimation */ = {
			isa = PBXNativeTarget;
			buildConfigurationList = FAF490B82F12279100F85A48 /* Build configuration list for PBXNativeTarget "photosAnimation" */;
			buildPhases = (
				FAF490A92F12279000F85A48 /* Sources */,
				FAF490AA2F12279000F85A48 /* Frameworks */,
				FAF490AB2F12279000F85A48 /* Resources */,
			);
			buildRules = (
			);
			dependencies = (
			);
			name = photosAnimation;
			packageProductDependencies = (
			);
			productName = photosAnimation;
			productReference = FAF490AD2F12279000F85A48 /* photosAnimation.app */;
			productType = "com.apple.product-type.application";
		};
/* End PBXNativeTarget section */

/* Begin PBXProject section */
		FAF490A52F12279000F85A48 /* Project object */ = {
			isa = PBXProject;
			attributes = {
				BuildIndependentTargetsInParallel = 1;
				LastSwiftUpdateCheck = 2610;
				LastUpgradeCheck = 2610;
				TargetAttributes = {
					FAF490AC2F12279000F85A48 = {
						CreatedOnToolsVersion = 26.1.1;
					};
				};
			};
			buildConfigurationList = FAF490A82F12279000F85A48 /* Build configuration list for PBXProject "photosAnimation" */;
			developmentRegion = en;
			hasScannedForEncodings = 0;
			knownRegions = (
				en,
				Base,
			);
			mainGroup = FAF490A42F12279000F85A48;
			minimizedProjectReferenceProxies = 1;
			preferredProjectObjectVersion = 77;
			productRefGroup = FAF490AE2F12279000F85A48 /* Products */;
			projectDirPath = "";
			projectRoot = "";
			targets = (
				FAF490AC2F12279000F85A48 /* photosAnimation */,
			);
		};
/* End PBXProject section */

/* Begin PBXResourcesBuildPhase section */
		FAF490AB2F12279000F85A48 /* Resources */ = {
			isa = PBXResourcesBuildPhase;
			buildActionMask = 2147483647;
			files = (
				FAF490BF2F1227F700F85A48 /* Assets.xcassets in Resources */,
			);
			runOnlyForDeploymentPostprocessing = 0;
		};
/* End PBXResourcesBuildPhase section */

/* Begin PBXSourcesBuildPhase section */
		FAF490A92F12279000F85A48 /* Sources */ = {
			isa = PBXSourcesBuildPhase;
			buildActionMask = 2147483647;
			files = (
				FAF490C72F1230EE00F85A48 /* UICoordinator.swift in Sources */,
				FA2368962F16A964005A9B18 /* View+Extensions.swift in Sources */,
				FAF490C02F1227F700F85A48 /* ContentView.swift in Sources */,
				FAF490CD2F123C6400F85A48 /* HeroLayer.swift in Sources */,
				FAF490CB2F12395500F85A48 /* Detail.swift in Sources */,
				FAF490C92F1231F300F85A48 /* Home.swift in Sources */,
				FAF490C52F12282100F85A48 /* Item.swift in Sources */,
				FAF490C12F1227F700F85A48 /* photosAnimationApp.swift in Sources */,
				FAF490CF2F123C9D00F85A48 /* HeroKey.swift in Sources */,
			);
			runOnlyForDeploymentPostprocessing = 0;
		};
/* End PBXSourcesBuildPhase section */

/* Begin XCBuildConfiguration section */
		FAF490B62F12279100F85A48 /* Debug */ = {
			isa = XCBuildConfiguration;
			buildSettings = {
				ALWAYS_SEARCH_USER_PATHS = NO;
				ASSETCATALOG_COMPILER_GENERATE_SWIFT_ASSET_SYMBOL_EXTENSIONS = YES;
				CLANG_ANALYZER_NONNULL = YES;
				CLANG_ANALYZER_NUMBER_OBJECT_CONVERSION = YES_AGGRESSIVE;
				CLANG_CXX_LANGUAGE_STANDARD = "gnu++20";
				CLANG_ENABLE_MODULES = YES;
				CLANG_ENABLE_OBJC_ARC = YES;
				CLANG_ENABLE_OBJC_WEAK = YES;
				CLANG_WARN_BLOCK_CAPTURE_AUTORELEASING = YES;
				CLANG_WARN_BOOL_CONVERSION = YES;
				CLANG_WARN_COMMA = YES;
				CLANG_WARN_CONSTANT_CONVERSION = YES;
				CLANG_WARN_DEPRECATED_OBJC_IMPLEMENTATIONS = YES;
				CLANG_WARN_DIRECT_OBJC_ISA_USAGE = YES_ERROR;
				CLANG_WARN_DOCUMENTATION_COMMENTS = YES;
				CLANG_WARN_EMPTY_BODY = YES;
				CLANG_WARN_ENUM_CONVERSION = YES;
				CLANG_WARN_INFINITE_RECURSION = YES;
				CLANG_WARN_INT_CONVERSION = YES;
				CLANG_WARN_NON_LITERAL_NULL_CONVERSION = YES;
				CLANG_WARN_OBJC_IMPLICIT_RETAIN_SELF = YES;
				CLANG_WARN_OBJC_LITERAL_CONVERSION = YES;
				CLANG_WARN_OBJC_ROOT_CLASS = YES_ERROR;
				CLANG_WARN_QUOTED_INCLUDE_IN_FRAMEWORK_HEADER = YES;
				CLANG_WARN_RANGE_LOOP_ANALYSIS = YES;
				CLANG_WARN_STRICT_PROTOTYPES = YES;
				CLANG_WARN_SUSPICIOUS_MOVE = YES;
				CLANG_WARN_UNGUARDED_AVAILABILITY = YES_AGGRESSIVE;
				CLANG_WARN_UNREACHABLE_CODE = YES;
				CLANG_WARN__DUPLICATE_METHOD_MATCH = YES;
				COPY_PHASE_STRIP = NO;
				DEBUG_INFORMATION_FORMAT = dwarf;
				DEVELOPMENT_TEAM = JDNZ7K4MD4;
				ENABLE_STRICT_OBJC_MSGSEND = YES;
				ENABLE_TESTABILITY = YES;
				ENABLE_USER_SCRIPT_SANDBOXING = YES;
				GCC_C_LANGUAGE_STANDARD = gnu17;
				GCC_DYNAMIC_NO_PIC = NO;
				GCC_NO_COMMON_BLOCKS = YES;
				GCC_OPTIMIZATION_LEVEL = 0;
				GCC_PREPROCESSOR_DEFINITIONS = (
					"DEBUG=1",
					"$(inherited)",
				);
				GCC_WARN_64_TO_32_BIT_CONVERSION = YES;
				GCC_WARN_ABOUT_RETURN_TYPE = YES_ERROR;
				GCC_WARN_UNDECLARED_SELECTOR = YES;
				GCC_WARN_UNINITIALIZED_AUTOS = YES_AGGRESSIVE;
				GCC_WARN_UNUSED_FUNCTION = YES;
				GCC_WARN_UNUSED_VARIABLE = YES;
				IPHONEOS_DEPLOYMENT_TARGET = 26.1;
				LOCALIZATION_PREFERS_STRING_CATALOGS = YES;
				MTL_ENABLE_DEBUG_INFO = INCLUDE_SOURCE;
				MTL_FAST_MATH = YES;
				ONLY_ACTIVE_ARCH = YES;
				SDKROOT = iphoneos;
				SWIFT_ACTIVE_COMPILATION_CONDITIONS = "DEBUG $(inherited)";
				SWIFT_OPTIMIZATION_LEVEL = "-Onone";
			};
			name = Debug;
		};
		FAF490B72F12279100F85A48 /* Release */ = {
			isa = XCBuildConfiguration;
			buildSettings = {
				ALWAYS_SEARCH_USER_PATHS = NO;
				ASSETCATALOG_COMPILER_GENERATE_SWIFT_ASSET_SYMBOL_EXTENSIONS = YES;
				CLANG_ANALYZER_NONNULL = YES;
				CLANG_ANALYZER_NUMBER_OBJECT_CONVERSION = YES_AGGRESSIVE;
				CLANG_CXX_LANGUAGE_STANDARD = "gnu++20";
				CLANG_ENABLE_MODULES = YES;
				CLANG_ENABLE_OBJC_ARC = YES;
				CLANG_ENABLE_OBJC_WEAK = YES;
				CLANG_WARN_BLOCK_CAPTURE_AUTORELEASING = YES;
				CLANG_WARN_BOOL_CONVERSION = YES;
				CLANG_WARN_COMMA = YES;
				CLANG_WARN_CONSTANT_CONVERSION = YES;
				CLANG_WARN_DEPRECATED_OBJC_IMPLEMENTATIONS = YES;
				CLANG_WARN_DIRECT_OBJC_ISA_USAGE = YES_ERROR;
				CLANG_WARN_DOCUMENTATION_COMMENTS = YES;
				CLANG_WARN_EMPTY_BODY = YES;
				CLANG_WARN_ENUM_CONVERSION = YES;
				CLANG_WARN_INFINITE_RECURSION = YES;
				CLANG_WARN_INT_CONVERSION = YES;
				CLANG_WARN_NON_LITERAL_NULL_CONVERSION = YES;
				CLANG_WARN_OBJC_IMPLICIT_RETAIN_SELF = YES;
				CLANG_WARN_OBJC_LITERAL_CONVERSION = YES;
				CLANG_WARN_OBJC_ROOT_CLASS = YES_ERROR;
				CLANG_WARN_QUOTED_INCLUDE_IN_FRAMEWORK_HEADER = YES;
				CLANG_WARN_RANGE_LOOP_ANALYSIS = YES;
				CLANG_WARN_STRICT_PROTOTYPES = YES;
				CLANG_WARN_SUSPICIOUS_MOVE = YES;
				CLANG_WARN_UNGUARDED_AVAILABILITY = YES_AGGRESSIVE;
				CLANG_WARN_UNREACHABLE_CODE = YES;
				CLANG_WARN__DUPLICATE_METHOD_MATCH = YES;
				COPY_PHASE_STRIP = NO;
				DEBUG_INFORMATION_FORMAT = "dwarf-with-dsym";
				DEVELOPMENT_TEAM = JDNZ7K4MD4;
				ENABLE_NS_ASSERTIONS = NO;
				ENABLE_STRICT_OBJC_MSGSEND = YES;
				ENABLE_USER_SCRIPT_SANDBOXING = YES;
				GCC_C_LANGUAGE_STANDARD = gnu17;
				GCC_NO_COMMON_BLOCKS = YES;
				GCC_WARN_64_TO_32_BIT_CONVERSION = YES;
				GCC_WARN_ABOUT_RETURN_TYPE = YES_ERROR;
				GCC_WARN_UNDECLARED_SELECTOR = YES;
				GCC_WARN_UNINITIALIZED_AUTOS = YES_AGGRESSIVE;
				GCC_WARN_UNUSED_FUNCTION = YES;
				GCC_WARN_UNUSED_VARIABLE = YES;
				IPHONEOS_DEPLOYMENT_TARGET = 26.1;
				LOCALIZATION_PREFERS_STRING_CATALOGS = YES;
				MTL_ENABLE_DEBUG_INFO = NO;
				MTL_FAST_MATH = YES;
				SDKROOT = iphoneos;
				SWIFT_COMPILATION_MODE = wholemodule;
				VALIDATE_PRODUCT = YES;
			};
			name = Release;
		};
		FAF490B92F12279100F85A48 /* Debug */ = {
			isa = XCBuildConfiguration;
			buildSettings = {
				ASSETCATALOG_COMPILER_APPICON_NAME = AppIcon;
				ASSETCATALOG_COMPILER_GLOBAL_ACCENT_COLOR_NAME = AccentColor;
				CODE_SIGN_STYLE = Automatic;
				CURRENT_PROJECT_VERSION = 1;
				DEVELOPMENT_TEAM = JDNZ7K4MD4;
				ENABLE_PREVIEWS = YES;
				GENERATE_INFOPLIST_FILE = YES;
				INFOPLIST_KEY_NSPhotoLibraryUsageDescription = "The app need photos";
				INFOPLIST_KEY_UIApplicationSceneManifest_Generation = YES;
				INFOPLIST_KEY_UIApplicationSupportsIndirectInputEvents = YES;
				INFOPLIST_KEY_UILaunchScreen_Generation = YES;
				INFOPLIST_KEY_UISupportedInterfaceOrientations_iPad = "UIInterfaceOrientationPortrait UIInterfaceOrientationPortraitUpsideDown UIInterfaceOrientationLandscapeLeft UIInterfaceOrientationLandscapeRight";
				INFOPLIST_KEY_UISupportedInterfaceOrientations_iPhone = "UIInterfaceOrientationPortrait UIInterfaceOrientationLandscapeLeft UIInterfaceOrientationLandscapeRight";
				LD_RUNPATH_SEARCH_PATHS = (
					"$(inherited)",
					"@executable_path/Frameworks",
				);
				MARKETING_VERSION = 1.0;
				PRODUCT_BUNDLE_IDENTIFIER = com.alex.photosAnimation;
				PRODUCT_NAME = "$(TARGET_NAME)";
				STRING_CATALOG_GENERATE_SYMBOLS = YES;
				SWIFT_APPROACHABLE_CONCURRENCY = YES;
				SWIFT_DEFAULT_ACTOR_ISOLATION = MainActor;
				SWIFT_EMIT_LOC_STRINGS = YES;
				SWIFT_UPCOMING_FEATURE_MEMBER_IMPORT_VISIBILITY = YES;
				SWIFT_VERSION = 5.0;
				TARGETED_DEVICE_FAMILY = "1,2";
			};
			name = Debug;
		};
		FAF490BA2F12279100F85A48 /* Release */ = {
			isa = XCBuildConfiguration;
			buildSettings = {
				ASSETCATALOG_COMPILER_APPICON_NAME = AppIcon;
				ASSETCATALOG_COMPILER_GLOBAL_ACCENT_COLOR_NAME = AccentColor;
				CODE_SIGN_STYLE = Automatic;
				CURRENT_PROJECT_VERSION = 1;
				DEVELOPMENT_TEAM = JDNZ7K4MD4;
				ENABLE_PREVIEWS = YES;
				GENERATE_INFOPLIST_FILE = YES;
				INFOPLIST_KEY_NSPhotoLibraryUsageDescription = "The app need photos";
				INFOPLIST_KEY_UIApplicationSceneManifest_Generation = YES;
				INFOPLIST_KEY_UIApplicationSupportsIndirectInputEvents = YES;
				INFOPLIST_KEY_UILaunchScreen_Generation = YES;
				INFOPLIST_KEY_UISupportedInterfaceOrientations_iPad = "UIInterfaceOrientationPortrait UIInterfaceOrientationPortraitUpsideDown UIInterfaceOrientationLandscapeLeft UIInterfaceOrientationLandscapeRight";
				INFOPLIST_KEY_UISupportedInterfaceOrientations_iPhone = "UIInterfaceOrientationPortrait UIInterfaceOrientationLandscapeLeft UIInterfaceOrientationLandscapeRight";
				LD_RUNPATH_SEARCH_PATHS = (
					"$(inherited)",
					"@executable_path/Frameworks",
				);
				MARKETING_VERSION = 1.0;
				PRODUCT_BUNDLE_IDENTIFIER = com.alex.photosAnimation;
				PRODUCT_NAME = "$(TARGET_NAME)";
				STRING_CATALOG_GENERATE_SYMBOLS = YES;
				SWIFT_APPROACHABLE_CONCURRENCY = YES;
				SWIFT_DEFAULT_ACTOR_ISOLATION = MainActor;
				SWIFT_EMIT_LOC_STRINGS = YES;
				SWIFT_UPCOMING_FEATURE_MEMBER_IMPORT_VISIBILITY = YES;
				SWIFT_VERSION = 5.0;
				TARGETED_DEVICE_FAMILY = "1,2";
			};
			name = Release;
		};
/* End XCBuildConfiguration section */

/* Begin XCConfigurationList section */
		FAF490A82F12279000F85A48 /* Build configuration list for PBXProject "photosAnimation" */ = {
			isa = XCConfigurationList;
			buildConfigurations = (
				FAF490B62F12279100F85A48 /* Debug */,
				FAF490B72F12279100F85A48 /* Release */,
			);
			defaultConfigurationIsVisible = 0;
			defaultConfigurationName = Release;
		};
		FAF490B82F12279100F85A48 /* Build configuration list for PBXNativeTarget "photosAnimation" */ = {
			isa = XCConfigurationList;
			buildConfigurations = (
				FAF490B92F12279100F85A48 /* Debug */,
				FAF490BA2F12279100F85A48 /* Release */,
			);
			defaultConfigurationIsVisible = 0;
			defaultConfigurationName = Release;
		};
/* End XCConfigurationList section */
	};
	rootObject = FAF490A52F12279000F85A48 /* Project object */;
}
